
Microsoft Visual Studio Solution File, Format Version 12.00
# Visual Studio Version 17
VisualStudioVersion = 17.4.33205.214
MinimumVisualStudioVersion = 10.0.40219.1
Project("{9A19103F-16F7-4668-BE54-9A1E7A4F7556}") = "ShapesLib", "ShapesLib\ShapesLib.csproj", "{78C36184-F43F-4AA4-A722-0DB857E910E3}"
EndProject
Project("{FAE04EC0-301F-11D3-BF4B-00C04F79EFBC}") = "ShapesLibTests", "ShapesLibTests\ShapesLibTests.csproj", "{7BCF4945-F90E-417F-8765-3D8FF320A6CB}"
EndProject
Global
	GlobalSection(SolutionConfigurationPlatforms) = preSolution
		Debug|Any CPU = Debug|Any CPU
		Release|Any CPU = Release|Any CPU
	EndGlobalSection
	GlobalSection(ProjectConfigurationPlatforms) = postSolution
		{78C36184-F43F-4AA4-A722-0DB857E910E3}.Debug|Any CPU.ActiveCfg = Debug|Any CPU
		{78C36184-F43F-4AA4-A722-0DB857E910E3}.Debug|Any CPU.Build.0 = Debug|Any CPU
		{78C36184-F43F-4AA4-A722-0DB857E910E3}.Release|Any CPU.ActiveCfg = Release|Any CPU
		{78C36184-F43F-4AA4-A722-0DB857E910E3}.Release|Any CPU.Build.0 = Release|Any CPU
		{7BCF4945-F90E-417F-8765-3D8FF320A6CB}.Debug|Any CPU.ActiveCfg = Debug|Any CPU
		{7BCF4945-F90E-417F-8765-3D8FF320A6CB}.Debug|Any CPU.Build.0 = Debug|Any CPU
		{7BCF4945-F90E-417F-8765-3D8FF320A6CB}.Release|Any CPU.ActiveCfg = Release|Any CPU
		{7BCF4945-F90E-417F-8765-3D8FF320A6CB}.Release|Any CPU.Build.0 = Release|Any CPU
	EndGlobalSection
	GlobalSection(SolutionProperties) = preSolution
		HideSolutionNode = FALSE
	EndGlobalSection
	GlobalSection(ExtensibilityGlobals) = postSolution
		SolutionGuid = {28B2ABD8-CE32-4DDF-B700-D259AABB2420}
	EndGlobalSection
EndGlobal
